// !$*UTF8*$!
{
	archiveVersion = 1;
	classes = {
	};
	objectVersion = 46;
	objects = {

/* Begin PBXBuildFile section */
		589A07A30748C08C0ADA2276 /* main.c in Sources */ = {isa = PBXBuildFile; fileRef = 589A0C48EC734EC94D8D70CF /* main.c */; };
/* End PBXBuildFile section */

/* Begin PBXCopyFilesBuildPhase section */
		589A0BDA71FD73921121F60B /* CopyFiles */ = {
			isa = PBXCopyFilesBuildPhase;
			buildActionMask = 2147483647;
			dstPath = /usr/share/man/man1/;
			dstSubfolderSpec = 0;
			files = (
			);
			runOnlyForDeploymentPostprocessing = 1;
		};
/* End PBXCopyFilesBuildPhase section */

/* Begin PBXFileReference section */
		589A0A1A7CF1DAA68EB7170F /* c-lab1 */ = {isa = PBXFileReference; explicitFileType = "compiled.mach-o.executable"; includeInIndex = 0; path = "c-lab1"; sourceTree = BUILT_PRODUCTS_DIR; };
		589A0C48EC734EC94D8D70CF /* main.c */ = {isa = PBXFileReference; lastKnownFileType = sourcecode.c.c; path = main.c; sourceTree = "<group>"; };
/* End PBXFileReference section */

/* Begin PBXFrameworksBuildPhase section */
		589A04E652DC812379BE487A /* Frameworks */ = {
			isa = PBXFrameworksBuildPhase;
			buildActionMask = 2147483647;
			files = (
			);
			runOnlyForDeploymentPostprocessing = 0;
		};
/* End PBXFrameworksBuildPhase section */

/* Begin PBXGroup section */
		589A05607EB3C235DC74243C = {
			isa = PBXGroup;
			children = (
				589A06231C07184E278BAC4D /* Products */,
				589A0C2E56502AC22B7C2981 /* c-lab1 */,
			);
			sourceTree = "<group>";
		};
		589A06231C07184E278BAC4D /* Products */ = {
			isa = PBXGroup;
			children = (
				589A0A1A7CF1DAA68EB7170F /* c-lab1 */,
			);
			name = Products;
			sourceTree = "<group>";
		};
		589A0C2E56502AC22B7C2981 /* c-lab1 */ = {
			isa = PBXGroup;
			children = (
				589A0C48EC734EC94D8D70CF /* main.c */,
			);
			path = "c-lab1";
			sourceTree = "<group>";
		};
/* End PBXGroup section */

/* Begin PBXNativeTarget section */
		589A068F07BED35B6B9BD2FC /* c-lab1 */ = {
			isa = PBXNativeTarget;
			buildConfigurationList = 589A06909FE02D78D85BF82D /* Build configuration list for PBXNativeTarget "c-lab1" */;
			buildPhases = (
				589A00A5633E1D5410D014C0 /* Sources */,
				589A04E652DC812379BE487A /* Frameworks */,
				589A0BDA71FD73921121F60B /* CopyFiles */,
			);
			buildRules = (
			);
			dependencies = (
			);
			name = "c-lab1";
			productName = "c-lab1";
			productReference = 589A0A1A7CF1DAA68EB7170F /* c-lab1 */;
			productType = "com.apple.product-type.tool";
		};
/* End PBXNativeTarget section */

/* Begin PBXProject section */
		589A042ACBAC2AB40A2CCE79 /* Project object */ = {
			isa = PBXProject;
			attributes = {
				ORGANIZATIONNAME = alexkuk;
			};
			buildConfigurationList = 589A0B3711FF0B92DD6B5525 /* Build configuration list for PBXProject "c-lab1" */;
			compatibilityVersion = "Xcode 3.2";
			developmentRegion = English;
			hasScannedForEncodings = 0;
			knownRegions = (
				en,
			);
			mainGroup = 589A05607EB3C235DC74243C;
			productRefGroup = 589A06231C07184E278BAC4D /* Products */;
			projectDirPath = "";
			projectRoot = "";
			targets = (
				589A068F07BED35B6B9BD2FC /* c-lab1 */,
			);
		};
/* End PBXProject section */

/* Begin PBXSourcesBuildPhase section */
		589A00A5633E1D5410D014C0 /* Sources */ = {
			isa = PBXSourcesBuildPhase;
			buildActionMask = 2147483647;
			files = (
				589A07A30748C08C0ADA2276 /* main.c in Sources */,
			);
			runOnlyForDeploymentPostprocessing = 0;
		};
/* End PBXSourcesBuildPhase section */

/* Begin XCBuildConfiguration section */
		589A0370CC1C1B76F9E02615 /* Release */ = {
			isa = XCBuildConfiguration;
			buildSettings = {
				PRODUCT_NAME = "$(TARGET_NAME)";
			};
			name = Release;
		};
		589A0AE934C6EBAE7D4EA1A3 /* Debug */ = {
			isa = XCBuildConfiguration;
			buildSettings = {
				PRODUCT_NAME = "$(TARGET_NAME)";
			};
			name = Debug;
		};
		589A0EC36FA473D4277B916A /* Release */ = {
			isa = XCBuildConfiguration;
			buildSettings = {
				ALWAYS_SEARCH_USER_PATHS = NO;
				CLANG_CXX_LANGUAGE_STANDARD = "gnu++0x";
				CLANG_CXX_LIBRARY = "libc++";
				CLANG_ENABLE_MODULES = YES;
				CLANG_ENABLE_OBJC_ARC = YES;
				CLANG_WARN_BOOL_CONVERSION = YES;
				CLANG_WARN_CONSTANT_CONVERSION = YES;
				CLANG_WARN_DIRECT_OBJC_ISA_USAGE = YES_ERROR;
				CLANG_WARN_EMPTY_BODY = YES;
				CLANG_WARN_ENUM_CONVERSION = YES;
				CLANG_WARN_INT_CONVERSION = YES;
				CLANG_WARN_OBJC_ROOT_CLASS = YES_ERROR;
				CLANG_WARN_UNREACHABLE_CODE = YES;
				CLANG_WARN__DUPLICATE_METHOD_MATCH = YES;
				COPY_PHASE_STRIP = YES;
				DEBUG_INFORMATION_FORMAT = "dwarf-with-dsym";
				ENABLE_NS_ASSERTIONS = NO;
				ENABLE_STRICT_OBJC_MSGSEND = YES;
				GCC_C_LANGUAGE_STANDARD = gnu99;
				GCC_WARN_64_TO_32_BIT_CONVERSION = YES;
				GCC_WARN_ABOUT_RETURN_TYPE = YES_ERROR;
				GCC_WARN_UNDECLARED_SELECTOR = YES;
				GCC_WARN_UNINITIALIZED_AUTOS = YES_AGGRESSIVE;
				GCC_WARN_UNUSED_FUNCTION = YES;
				GCC_WARN_UNUSED_VARIABLE = YES;
				MACOSX_DEPLOYMENT_TARGET = 10.9;
				MTL_ENABLE_DEBUG_INFO = NO;
				SDKROOT = macosx;
			};
			name = Release;
		};
		589A0FE97EE0770F51AFAB50 /* Debug */ = {
			isa = XCBuildConfiguration;
			buildSettings = {
				ALWAYS_SEARCH_USER_PATHS = NO;
				CLANG_CXX_LANGUAGE_STANDARD = "gnu++0x";
				CLANG_CXX_LIBRARY = "libc++";
				CLANG_ENABLE_MODULES = YES;
				CLANG_ENABLE_OBJC_ARC = YES;
				CLANG_WARN_BOOL_CONVERSION = YES;
				CLANG_WARN_CONSTANT_CONVERSION = YES;
				CLANG_WARN_DIRECT_OBJC_ISA_USAGE = YES_ERROR;
				CLANG_WARN_EMPTY_BODY = YES;
				CLANG_WARN_ENUM_CONVERSION = YES;
				CLANG_WARN_INT_CONVERSION = YES;
				CLANG_WARN_OBJC_ROOT_CLASS = YES_ERROR;
				CLANG_WARN_UNREACHABLE_CODE = YES;
				CLANG_WARN__DUPLICATE_METHOD_MATCH = YES;
				COPY_PHASE_STRIP = NO;
				ENABLE_STRICT_OBJC_MSGSEND = YES;
				GCC_C_LANGUAGE_STANDARD = gnu99;
				GCC_DYNAMIC_NO_PIC = NO;
				GCC_OPTIMIZATION_LEVEL = 0;
				GCC_PREPROCESSOR_DEFINITIONS = (
					"DEBUG=1",
					"$(inherited)",
				);
				GCC_SYMBOLS_PRIVATE_EXTERN = NO;
				GCC_WARN_64_TO_32_BIT_CONVERSION = YES;
				GCC_WARN_ABOUT_RETURN_TYPE = YES_ERROR;
				GCC_WARN_UNDECLARED_SELECTOR = YES;
				GCC_WARN_UNINITIALIZED_AUTOS = YES_AGGRESSIVE;
				GCC_WARN_UNUSED_FUNCTION = YES;
				GCC_WARN_UNUSED_VARIABLE = YES;
				MACOSX_DEPLOYMENT_TARGET = 10.9;
				MTL_ENABLE_DEBUG_INFO = YES;
				ONLY_ACTIVE_ARCH = YES;
				SDKROOT = macosx;
			};
			name = Debug;
		};
/* End XCBuildConfiguration section */

/* Begin XCConfigurationList section */
		589A06909FE02D78D85BF82D /* Build configuration list for PBXNativeTarget "c-lab1" */ = {
			isa = XCConfigurationList;
			buildConfigurations = (
				589A0AE934C6EBAE7D4EA1A3 /* Debug */,
				589A0370CC1C1B76F9E02615 /* Release */,
			);
			defaultConfigurationIsVisible = 0;
		};
		589A0B3711FF0B92DD6B5525 /* Build configuration list for PBXProject "c-lab1" */ = {
			isa = XCConfigurationList;
			buildConfigurations = (
				589A0FE97EE0770F51AFAB50 /* Debug */,
				589A0EC36FA473D4277B916A /* Release */,
			);
			defaultConfigurationIsVisible = 0;
			defaultConfigurationName = Release;
		};
/* End XCConfigurationList section */
	};
	rootObject = 589A042ACBAC2AB40A2CCE79 /* Project object */;
}
